
Microsoft Visual Studio Solution File, Format Version 12.00
# Visual Studio Version 17
VisualStudioVersion = 17.0.31903.59
MinimumVisualStudioVersion = 10.0.40219.1
Project("{2150E333-8FDC-42A3-9474-1A3956D46DE8}") = "src", "src", "{38CC184D-39A4-4DC1-8410-A35AFF73A207}"
EndProject
Project("{FAE04EC0-301F-11D3-BF4B-00C04F79EFBC}") = "BookForge.App", "src\BookForge.App\BookForge.App.csproj", "{9D1635E2-1D64-4741-B1B3-FD72EB758901}"
EndProject
Project("{FAE04EC0-301F-11D3-BF4B-00C04F79EFBC}") = "BookForge.Core", "src\BookForge.Core\BookForge.Core.csproj", "{502722BD-BEDA-4671-9E7A-5AB7336F38A4}"
EndProject
Project("{FAE04EC0-301F-11D3-BF4B-00C04F79EFBC}") = "BookForge.Epub", "src\BookForge.Epub\BookForge.Epub.csproj", "{760A4F8F-FA13-4743-876C-58D347DFF953}"
EndProject
Project("{FAE04EC0-301F-11D3-BF4B-00C04F79EFBC}") = "BookForge.Services", "src\BookForge.Services\BookForge.Services.csproj", "{07925A43-80A9-4B10-A00E-16249A151D5C}"
EndProject
Project("{FAE04EC0-301F-11D3-BF4B-00C04F79EFBC}") = "BookForge.Localization", "src\BookForge.Localization\BookForge.Localization.csproj", "{B2078B4C-FC27-455C-AFC5-D33C521E74D7}"
EndProject
Project("{FAE04EC0-301F-11D3-BF4B-00C04F79EFBC}") = "BookForge.Docx", "src\BookForge.Docx\BookForge.Docx.csproj", "{8A3D66A3-3DA4-48B7-AAB4-815DBF810222}"
EndProject
Global
	GlobalSection(SolutionConfigurationPlatforms) = preSolution
		Debug|Any CPU = Debug|Any CPU
		Release|Any CPU = Release|Any CPU
	EndGlobalSection
	GlobalSection(SolutionProperties) = preSolution
		HideSolutionNode = FALSE
	EndGlobalSection
	GlobalSection(ProjectConfigurationPlatforms) = postSolution
		{9D1635E2-1D64-4741-B1B3-FD72EB758901}.Debug|Any CPU.ActiveCfg = Debug|Any CPU
		{9D1635E2-1D64-4741-B1B3-FD72EB758901}.Debug|Any CPU.Build.0 = Debug|Any CPU
		{9D1635E2-1D64-4741-B1B3-FD72EB758901}.Release|Any CPU.ActiveCfg = Release|Any CPU
		{9D1635E2-1D64-4741-B1B3-FD72EB758901}.Release|Any CPU.Build.0 = Release|Any CPU
		{502722BD-BEDA-4671-9E7A-5AB7336F38A4}.Debug|Any CPU.ActiveCfg = Debug|Any CPU
		{502722BD-BEDA-4671-9E7A-5AB7336F38A4}.Debug|Any CPU.Build.0 = Debug|Any CPU
		{502722BD-BEDA-4671-9E7A-5AB7336F38A4}.Release|Any CPU.ActiveCfg = Release|Any CPU
		{502722BD-BEDA-4671-9E7A-5AB7336F38A4}.Release|Any CPU.Build.0 = Release|Any CPU
		{760A4F8F-FA13-4743-876C-58D347DFF953}.Debug|Any CPU.ActiveCfg = Debug|Any CPU
		{760A4F8F-FA13-4743-876C-58D347DFF953}.Debug|Any CPU.Build.0 = Debug|Any CPU
		{760A4F8F-FA13-4743-876C-58D347DFF953}.Release|Any CPU.ActiveCfg = Release|Any CPU
		{760A4F8F-FA13-4743-876C-58D347DFF953}.Release|Any CPU.Build.0 = Release|Any CPU
		{07925A43-80A9-4B10-A00E-16249A151D5C}.Debug|Any CPU.ActiveCfg = Debug|Any CPU
		{07925A43-80A9-4B10-A00E-16249A151D5C}.Debug|Any CPU.Build.0 = Debug|Any CPU
		{07925A43-80A9-4B10-A00E-16249A151D5C}.Release|Any CPU.ActiveCfg = Release|Any CPU
		{07925A43-80A9-4B10-A00E-16249A151D5C}.Release|Any CPU.Build.0 = Release|Any CPU
		{B2078B4C-FC27-455C-AFC5-D33C521E74D7}.Debug|Any CPU.ActiveCfg = Debug|Any CPU
		{B2078B4C-FC27-455C-AFC5-D33C521E74D7}.Debug|Any CPU.Build.0 = Debug|Any CPU
		{B2078B4C-FC27-455C-AFC5-D33C521E74D7}.Release|Any CPU.ActiveCfg = Release|Any CPU
		{B2078B4C-FC27-455C-AFC5-D33C521E74D7}.Release|Any CPU.Build.0 = Release|Any CPU
		{8A3D66A3-3DA4-48B7-AAB4-815DBF810222}.Debug|Any CPU.ActiveCfg = Debug|Any CPU
		{8A3D66A3-3DA4-48B7-AAB4-815DBF810222}.Debug|Any CPU.Build.0 = Debug|Any CPU
		{8A3D66A3-3DA4-48B7-AAB4-815DBF810222}.Release|Any CPU.ActiveCfg = Release|Any CPU
		{8A3D66A3-3DA4-48B7-AAB4-815DBF810222}.Release|Any CPU.Build.0 = Release|Any CPU
	EndGlobalSection
	GlobalSection(NestedProjects) = preSolution
		{9D1635E2-1D64-4741-B1B3-FD72EB758901} = {38CC184D-39A4-4DC1-8410-A35AFF73A207}
		{502722BD-BEDA-4671-9E7A-5AB7336F38A4} = {38CC184D-39A4-4DC1-8410-A35AFF73A207}
		{760A4F8F-FA13-4743-876C-58D347DFF953} = {38CC184D-39A4-4DC1-8410-A35AFF73A207}
		{07925A43-80A9-4B10-A00E-16249A151D5C} = {38CC184D-39A4-4DC1-8410-A35AFF73A207}
		{B2078B4C-FC27-455C-AFC5-D33C521E74D7} = {38CC184D-39A4-4DC1-8410-A35AFF73A207}
		{8A3D66A3-3DA4-48B7-AAB4-815DBF810222} = {38CC184D-39A4-4DC1-8410-A35AFF73A207}
	EndGlobalSection
EndGlobal
